
Microsoft Visual Studio Solution File, Format Version 12.00
# Visual Studio 15
VisualStudioVersion = 15.0.27004.2006
MinimumVisualStudioVersion = 10.0.40219.1
Project("{FAE04EC0-301F-11D3-BF4B-00C04F79EFBC}") = "OWASP", "OWASP\OWASP.csproj", "{5BB754B7-EB44-4DCA-BD5F-C3D42A583028}"
EndProject
Project("{FAE04EC0-301F-11D3-BF4B-00C04F79EFBC}") = "OWASP_DB", "OWASP_DB\OWASP_DB.csproj", "{8365B8B1-2341-4BFC-9D67-8A648197688A}"
EndProject
Project("{FAE04EC0-301F-11D3-BF4B-00C04F79EFBC}") = "OWASP_TEST", "OWASP_TEST\OWASP_TEST.csproj", "{4ECD48FE-DF80-4A6C-9322-EE38F88D3CB7}"
EndProject
Global
	GlobalSection(SolutionConfigurationPlatforms) = preSolution
		Debug|Any CPU = Debug|Any CPU
		Release|Any CPU = Release|Any CPU
	EndGlobalSection
	GlobalSection(ProjectConfigurationPlatforms) = postSolution
		{5BB754B7-EB44-4DCA-BD5F-C3D42A583028}.Debug|Any CPU.ActiveCfg = Debug|Any CPU
		{5BB754B7-EB44-4DCA-BD5F-C3D42A583028}.Debug|Any CPU.Build.0 = Debug|Any CPU
		{5BB754B7-EB44-4DCA-BD5F-C3D42A583028}.Release|Any CPU.ActiveCfg = Release|Any CPU
		{5BB754B7-EB44-4DCA-BD5F-C3D42A583028}.Release|Any CPU.Build.0 = Release|Any CPU
		{8365B8B1-2341-4BFC-9D67-8A648197688A}.Debug|Any CPU.ActiveCfg = Debug|Any CPU
		{8365B8B1-2341-4BFC-9D67-8A648197688A}.Debug|Any CPU.Build.0 = Debug|Any CPU
		{8365B8B1-2341-4BFC-9D67-8A648197688A}.Release|Any CPU.ActiveCfg = Release|Any CPU
		{8365B8B1-2341-4BFC-9D67-8A648197688A}.Release|Any CPU.Build.0 = Release|Any CPU
		{4ECD48FE-DF80-4A6C-9322-EE38F88D3CB7}.Debug|Any CPU.ActiveCfg = Debug|Any CPU
		{4ECD48FE-DF80-4A6C-9322-EE38F88D3CB7}.Debug|Any CPU.Build.0 = Debug|Any CPU
		{4ECD48FE-DF80-4A6C-9322-EE38F88D3CB7}.Release|Any CPU.ActiveCfg = Release|Any CPU
		{4ECD48FE-DF80-4A6C-9322-EE38F88D3CB7}.Release|Any CPU.Build.0 = Release|Any CPU
	EndGlobalSection
	GlobalSection(SolutionProperties) = preSolution
		HideSolutionNode = FALSE
	EndGlobalSection
	GlobalSection(ExtensibilityGlobals) = postSolution
		SolutionGuid = {7F030E7A-8AE9-49BD-B16E-A95723634D21}
	EndGlobalSection
EndGlobal
